
Microsoft Visual Studio Solution File, Format Version 12.00
# Visual Studio Version 16
VisualStudioVersion = 16.0.30503.244
MinimumVisualStudioVersion = 10.0.40219.1
Project("{FAE04EC0-301F-11D3-BF4B-00C04F79EFBC}") = "variaveis_constantes", "variaveis_constantes\variaveis_constantes.csproj", "{FE92DD89-B19C-4C0C-B120-7BD0464E5251}"
EndProject
Global
	GlobalSection(SolutionConfigurationPlatforms) = preSolution
		Debug|Any CPU = Debug|Any CPU
		Release|Any CPU = Release|Any CPU
	EndGlobalSection
	GlobalSection(ProjectConfigurationPlatforms) = postSolution
		{FE92DD89-B19C-4C0C-B120-7BD0464E5251}.Debug|Any CPU.ActiveCfg = Debug|Any CPU
		{FE92DD89-B19C-4C0C-B120-7BD0464E5251}.Debug|Any CPU.Build.0 = Debug|Any CPU
		{FE92DD89-B19C-4C0C-B120-7BD0464E5251}.Release|Any CPU.ActiveCfg = Release|Any CPU
		{FE92DD89-B19C-4C0C-B120-7BD0464E5251}.Release|Any CPU.Build.0 = Release|Any CPU
	EndGlobalSection
	GlobalSection(SolutionProperties) = preSolution
		HideSolutionNode = FALSE
	EndGlobalSection
	GlobalSection(ExtensibilityGlobals) = postSolution
		SolutionGuid = {54C9FF9E-B8B6-44F8-B278-6451F931FD42}
	EndGlobalSection
EndGlobal
