
Microsoft Visual Studio Solution File, Format Version 12.00
# Visual Studio Version 16
VisualStudioVersion = 16.0.30503.244
MinimumVisualStudioVersion = 10.0.40219.1
Project("{9A19103F-16F7-4668-BE54-9A1E7A4F7556}") = "Console_App", "Console_App\Console_App.csproj", "{29F5CD49-58F8-4DA5-8DE2-37D2849B01BE}"
EndProject
Project("{FAE04EC0-301F-11D3-BF4B-00C04F79EFBC}") = "Componentes", "Componentes\Componentes.csproj", "{FA7C0A2A-DC8F-41D8-A983-D82B0611F4E4}"
EndProject
Global
	GlobalSection(SolutionConfigurationPlatforms) = preSolution
		Debug|Any CPU = Debug|Any CPU
		Release|Any CPU = Release|Any CPU
	EndGlobalSection
	GlobalSection(ProjectConfigurationPlatforms) = postSolution
		{29F5CD49-58F8-4DA5-8DE2-37D2849B01BE}.Debug|Any CPU.ActiveCfg = Debug|Any CPU
		{29F5CD49-58F8-4DA5-8DE2-37D2849B01BE}.Debug|Any CPU.Build.0 = Debug|Any CPU
		{29F5CD49-58F8-4DA5-8DE2-37D2849B01BE}.Release|Any CPU.ActiveCfg = Release|Any CPU
		{29F5CD49-58F8-4DA5-8DE2-37D2849B01BE}.Release|Any CPU.Build.0 = Release|Any CPU
		{FA7C0A2A-DC8F-41D8-A983-D82B0611F4E4}.Debug|Any CPU.ActiveCfg = Debug|Any CPU
		{FA7C0A2A-DC8F-41D8-A983-D82B0611F4E4}.Debug|Any CPU.Build.0 = Debug|Any CPU
		{FA7C0A2A-DC8F-41D8-A983-D82B0611F4E4}.Release|Any CPU.ActiveCfg = Release|Any CPU
		{FA7C0A2A-DC8F-41D8-A983-D82B0611F4E4}.Release|Any CPU.Build.0 = Release|Any CPU
	EndGlobalSection
	GlobalSection(SolutionProperties) = preSolution
		HideSolutionNode = FALSE
	EndGlobalSection
	GlobalSection(ExtensibilityGlobals) = postSolution
		SolutionGuid = {4EA3D489-A5E1-4A6D-A356-AF5E533187E7}
	EndGlobalSection
EndGlobal
