
Microsoft Visual Studio Solution File, Format Version 12.00
# Visual Studio Version 16
VisualStudioVersion = 16.0.30503.244
MinimumVisualStudioVersion = 10.0.40219.1
Project("{FAE04EC0-301F-11D3-BF4B-00C04F79EFBC}") = "MVC_GerenciadorDeConteudo", "MVC_GerenciadorDeConteudo\MVC_GerenciadorDeConteudo.csproj", "{DB4187D4-F8C2-4F39-9991-0D5A64B395B9}"
EndProject
Project("{9A19103F-16F7-4668-BE54-9A1E7A4F7556}") = "Business", "Business\Business.csproj", "{BBCD2190-7DE0-4C25-8D8E-DC490AB41F72}"
EndProject
Project("{9A19103F-16F7-4668-BE54-9A1E7A4F7556}") = "Database", "Database\Database.csproj", "{F4E967B8-FADE-4456-9776-BE083972F1D7}"
EndProject
Global
	GlobalSection(SolutionConfigurationPlatforms) = preSolution
		Debug|Any CPU = Debug|Any CPU
		Release|Any CPU = Release|Any CPU
	EndGlobalSection
	GlobalSection(ProjectConfigurationPlatforms) = postSolution
		{DB4187D4-F8C2-4F39-9991-0D5A64B395B9}.Debug|Any CPU.ActiveCfg = Debug|Any CPU
		{DB4187D4-F8C2-4F39-9991-0D5A64B395B9}.Debug|Any CPU.Build.0 = Debug|Any CPU
		{DB4187D4-F8C2-4F39-9991-0D5A64B395B9}.Release|Any CPU.ActiveCfg = Release|Any CPU
		{DB4187D4-F8C2-4F39-9991-0D5A64B395B9}.Release|Any CPU.Build.0 = Release|Any CPU
		{BBCD2190-7DE0-4C25-8D8E-DC490AB41F72}.Debug|Any CPU.ActiveCfg = Debug|Any CPU
		{BBCD2190-7DE0-4C25-8D8E-DC490AB41F72}.Debug|Any CPU.Build.0 = Debug|Any CPU
		{BBCD2190-7DE0-4C25-8D8E-DC490AB41F72}.Release|Any CPU.ActiveCfg = Release|Any CPU
		{BBCD2190-7DE0-4C25-8D8E-DC490AB41F72}.Release|Any CPU.Build.0 = Release|Any CPU
		{F4E967B8-FADE-4456-9776-BE083972F1D7}.Debug|Any CPU.ActiveCfg = Debug|Any CPU
		{F4E967B8-FADE-4456-9776-BE083972F1D7}.Debug|Any CPU.Build.0 = Debug|Any CPU
		{F4E967B8-FADE-4456-9776-BE083972F1D7}.Release|Any CPU.ActiveCfg = Release|Any CPU
		{F4E967B8-FADE-4456-9776-BE083972F1D7}.Release|Any CPU.Build.0 = Release|Any CPU
	EndGlobalSection
	GlobalSection(SolutionProperties) = preSolution
		HideSolutionNode = FALSE
	EndGlobalSection
	GlobalSection(ExtensibilityGlobals) = postSolution
		SolutionGuid = {423120C0-5496-42CB-A2F4-DFEAD07C676A}
	EndGlobalSection
EndGlobal
